
Microsoft Visual Studio Solution File, Format Version 12.00
# Visual Studio 2012
Project("{FAE04EC0-301F-11D3-BF4B-00C04F79EFBC}") = "Multiscreen", "Multiscreen\Multiscreen.csproj", "{FD3E561B-EBF1-4892-BDDF-0EE1BD2D10A3}"
EndProject
Global
	GlobalSection(SolutionConfigurationPlatforms) = preSolution
		Debug|iPhoneSimulator = Debug|iPhoneSimulator
		Release|iPhone = Release|iPhone
		Release|iPhoneSimulator = Release|iPhoneSimulator
		Debug|iPhone = Debug|iPhone
	EndGlobalSection
	GlobalSection(ProjectConfigurationPlatforms) = postSolution
		{FD3E561B-EBF1-4892-BDDF-0EE1BD2D10A3}.Debug|iPhoneSimulator.ActiveCfg = Debug|iPhoneSimulator
		{FD3E561B-EBF1-4892-BDDF-0EE1BD2D10A3}.Debug|iPhoneSimulator.Build.0 = Debug|iPhoneSimulator
		{FD3E561B-EBF1-4892-BDDF-0EE1BD2D10A3}.Release|iPhone.ActiveCfg = Release|iPhone
		{FD3E561B-EBF1-4892-BDDF-0EE1BD2D10A3}.Release|iPhone.Build.0 = Release|iPhone
		{FD3E561B-EBF1-4892-BDDF-0EE1BD2D10A3}.Release|iPhoneSimulator.ActiveCfg = Release|iPhoneSimulator
		{FD3E561B-EBF1-4892-BDDF-0EE1BD2D10A3}.Release|iPhoneSimulator.Build.0 = Release|iPhoneSimulator
		{FD3E561B-EBF1-4892-BDDF-0EE1BD2D10A3}.Debug|iPhone.ActiveCfg = Debug|iPhone
		{FD3E561B-EBF1-4892-BDDF-0EE1BD2D10A3}.Debug|iPhone.Build.0 = Debug|iPhone
	EndGlobalSection
EndGlobal
